
Microsoft Visual Studio Solution File, Format Version 12.00
# Visual Studio 15
VisualStudioVersion = 15.0.27130.2036
MinimumVisualStudioVersion = 10.0.40219.1
Project("{FAE04EC0-301F-11D3-BF4B-00C04F79EFBC}") = "Intro", "Intro\Intro.csproj", "{9776F78E-E651-4723-9B98-2B1F7B664A11}"
EndProject
Global
	GlobalSection(SolutionConfigurationPlatforms) = preSolution
		Debug|Any CPU = Debug|Any CPU
		Release|Any CPU = Release|Any CPU
	EndGlobalSection
	GlobalSection(ProjectConfigurationPlatforms) = postSolution
		{9776F78E-E651-4723-9B98-2B1F7B664A11}.Debug|Any CPU.ActiveCfg = Debug|Any CPU
		{9776F78E-E651-4723-9B98-2B1F7B664A11}.Debug|Any CPU.Build.0 = Debug|Any CPU
		{9776F78E-E651-4723-9B98-2B1F7B664A11}.Release|Any CPU.ActiveCfg = Release|Any CPU
		{9776F78E-E651-4723-9B98-2B1F7B664A11}.Release|Any CPU.Build.0 = Release|Any CPU
	EndGlobalSection
	GlobalSection(SolutionProperties) = preSolution
		HideSolutionNode = FALSE
	EndGlobalSection
	GlobalSection(ExtensibilityGlobals) = postSolution
		SolutionGuid = {3AB1229D-9925-4877-9B4C-5D67E8DCE144}
	EndGlobalSection
EndGlobal
